
Microsoft Visual Studio Solution File, Format Version 12.00
# Visual Studio Version 16
VisualStudioVersion = 16.0.30114.105
MinimumVisualStudioVersion = 10.0.40219.1
Project("{9A19103F-16F7-4668-BE54-9A1E7A4F7556}") = "RentACarApp", "RentACarApp\RentACarApp.csproj", "{BC9AE08F-53CF-4AAC-9E77-C3A4640F36CF}"
EndProject
Project("{FAE04EC0-301F-11D3-BF4B-00C04F79EFBC}") = "XUnitTestBookings", "XUnitTestBookings\XUnitTestBookings.csproj", "{4BA60674-5B10-4738-A07E-1DA4C83F6806}"
EndProject
Global
	GlobalSection(SolutionConfigurationPlatforms) = preSolution
		Debug|Any CPU = Debug|Any CPU
		Release|Any CPU = Release|Any CPU
	EndGlobalSection
	GlobalSection(ProjectConfigurationPlatforms) = postSolution
		{BC9AE08F-53CF-4AAC-9E77-C3A4640F36CF}.Debug|Any CPU.ActiveCfg = Debug|Any CPU
		{BC9AE08F-53CF-4AAC-9E77-C3A4640F36CF}.Debug|Any CPU.Build.0 = Debug|Any CPU
		{BC9AE08F-53CF-4AAC-9E77-C3A4640F36CF}.Release|Any CPU.ActiveCfg = Release|Any CPU
		{BC9AE08F-53CF-4AAC-9E77-C3A4640F36CF}.Release|Any CPU.Build.0 = Release|Any CPU
		{4BA60674-5B10-4738-A07E-1DA4C83F6806}.Debug|Any CPU.ActiveCfg = Debug|Any CPU
		{4BA60674-5B10-4738-A07E-1DA4C83F6806}.Debug|Any CPU.Build.0 = Debug|Any CPU
		{4BA60674-5B10-4738-A07E-1DA4C83F6806}.Release|Any CPU.ActiveCfg = Release|Any CPU
		{4BA60674-5B10-4738-A07E-1DA4C83F6806}.Release|Any CPU.Build.0 = Release|Any CPU
	EndGlobalSection
	GlobalSection(SolutionProperties) = preSolution
		HideSolutionNode = FALSE
	EndGlobalSection
	GlobalSection(ExtensibilityGlobals) = postSolution
		SolutionGuid = {EDE081C3-ABE3-4D45-A36D-84588EECF2B6}
	EndGlobalSection
EndGlobal
